
Microsoft Visual Studio Solution File, Format Version 12.00
# Visual Studio Version 17
VisualStudioVersion = 17.0.31903.59
MinimumVisualStudioVersion = 10.0.40219.1
Project("{9A19103F-16F7-4668-BE54-9A1E7A4F7556}") = "timetrace.ui", "timetrace.ui\timetrace.ui.csproj", "{A8FE87AD-E0D5-4EEB-9998-E19D70F925FB}"
EndProject
Project("{FAE04EC0-301F-11D3-BF4B-00C04F79EFBC}") = "timetrace.library", "timetrace.library\timetrace.library.csproj", "{A10A07CC-B951-4AEE-85E6-A94E7397F52B}"
EndProject
Project("{2150E333-8FDC-42A3-9474-1A3956D46DE8}") = "Solution Items", "Solution Items", "{8EA44446-811C-46DB-8E8C-58469E7292D5}"
	ProjectSection(SolutionItems) = preProject
		CONTRIBUTING.md = CONTRIBUTING.md
		LICENSE.md = LICENSE.md
		README.md = README.md
	EndProjectSection
EndProject
Project("{FAE04EC0-301F-11D3-BF4B-00C04F79EFBC}") = "timetrace.library.tests", "timetrace.library.tests\timetrace.library.tests.csproj", "{8CCD6F51-F447-4086-B176-1702DB844DE9}"
EndProject
Project("{FAE04EC0-301F-11D3-BF4B-00C04F79EFBC}") = "TimeTrace.Platform.Abstractions", "TimeTrace.Platform.Abstractions\TimeTrace.Platform.Abstractions.csproj", "{B1C2D3E4-F5A6-4B7C-8D9E-0A1B2C3D4E5F}"
EndProject
Project("{FAE04EC0-301F-11D3-BF4B-00C04F79EFBC}") = "TimeTrace.Platform.Linux", "TimeTrace.Platform.Linux\TimeTrace.Platform.Linux.csproj", "{C2D3E4F5-A6B7-4C8D-9E0A-1B2C3D4E5F6A}"
EndProject
Project("{FAE04EC0-301F-11D3-BF4B-00C04F79EFBC}") = "TimeTrace.BackgroundProcessor", "TimeTrace.BackgroundProcessor\TimeTrace.BackgroundProcessor.csproj", "{D3E4F5A6-B7C8-4D9E-0A1B-2C3D4E5F6A7B}"
EndProject
Project("{FAE04EC0-301F-11D3-BF4B-00C04F79EFBC}") = "TimeTrace.BackgroundProcessor.Tests", "TimeTrace.BackgroundProcessor.Tests\TimeTrace.BackgroundProcessor.Tests.csproj", "{E4F5A6B7-C8D9-4E0A-1B2C-3D4E5F6A7B8C}"
EndProject
Project("{FAE04EC0-301F-11D3-BF4B-00C04F79EFBC}") = "TimeTrace.Platform.Windows", "TimeTrace.Platform.Windows\TimeTrace.Platform.Windows.csproj", "{F5A6B7C8-D9E0-4A1B-2C3D-4E5F6A7B8C9D}"
EndProject
Project("{FAE04EC0-301F-11D3-BF4B-00C04F79EFBC}") = "timetrace.ui.avalonia", "timetrace.ui.avalonia\timetrace.ui.avalonia.csproj", "{3A7E4D08-7706-4EB6-A6BD-5477A7C1CD65}"
EndProject
Global
	GlobalSection(SolutionConfigurationPlatforms) = preSolution
		Debug|Any CPU = Debug|Any CPU
		Debug|x64 = Debug|x64
		Debug|x86 = Debug|x86
		Release|Any CPU = Release|Any CPU
		Release|x64 = Release|x64
		Release|x86 = Release|x86
	EndGlobalSection
	GlobalSection(ProjectConfigurationPlatforms) = postSolution
		{A8FE87AD-E0D5-4EEB-9998-E19D70F925FB}.Debug|Any CPU.ActiveCfg = Debug|Any CPU
		{A8FE87AD-E0D5-4EEB-9998-E19D70F925FB}.Debug|Any CPU.Build.0 = Debug|Any CPU
		{A8FE87AD-E0D5-4EEB-9998-E19D70F925FB}.Debug|x64.ActiveCfg = Debug|Any CPU
		{A8FE87AD-E0D5-4EEB-9998-E19D70F925FB}.Debug|x64.Build.0 = Debug|Any CPU
		{A8FE87AD-E0D5-4EEB-9998-E19D70F925FB}.Debug|x86.ActiveCfg = Debug|Any CPU
		{A8FE87AD-E0D5-4EEB-9998-E19D70F925FB}.Debug|x86.Build.0 = Debug|Any CPU
		{A8FE87AD-E0D5-4EEB-9998-E19D70F925FB}.Release|Any CPU.ActiveCfg = Release|Any CPU
		{A8FE87AD-E0D5-4EEB-9998-E19D70F925FB}.Release|Any CPU.Build.0 = Release|Any CPU
		{A8FE87AD-E0D5-4EEB-9998-E19D70F925FB}.Release|x64.ActiveCfg = Release|Any CPU
		{A8FE87AD-E0D5-4EEB-9998-E19D70F925FB}.Release|x64.Build.0 = Release|Any CPU
		{A8FE87AD-E0D5-4EEB-9998-E19D70F925FB}.Release|x86.ActiveCfg = Release|Any CPU
		{A8FE87AD-E0D5-4EEB-9998-E19D70F925FB}.Release|x86.Build.0 = Release|Any CPU
		{A10A07CC-B951-4AEE-85E6-A94E7397F52B}.Debug|Any CPU.ActiveCfg = Debug|Any CPU
		{A10A07CC-B951-4AEE-85E6-A94E7397F52B}.Debug|Any CPU.Build.0 = Debug|Any CPU
		{A10A07CC-B951-4AEE-85E6-A94E7397F52B}.Debug|x64.ActiveCfg = Debug|Any CPU
		{A10A07CC-B951-4AEE-85E6-A94E7397F52B}.Debug|x64.Build.0 = Debug|Any CPU
		{A10A07CC-B951-4AEE-85E6-A94E7397F52B}.Debug|x86.ActiveCfg = Debug|Any CPU
		{A10A07CC-B951-4AEE-85E6-A94E7397F52B}.Debug|x86.Build.0 = Debug|Any CPU
		{A10A07CC-B951-4AEE-85E6-A94E7397F52B}.Release|Any CPU.ActiveCfg = Release|Any CPU
		{A10A07CC-B951-4AEE-85E6-A94E7397F52B}.Release|Any CPU.Build.0 = Release|Any CPU
		{A10A07CC-B951-4AEE-85E6-A94E7397F52B}.Release|x64.ActiveCfg = Release|Any CPU
		{A10A07CC-B951-4AEE-85E6-A94E7397F52B}.Release|x64.Build.0 = Release|Any CPU
		{A10A07CC-B951-4AEE-85E6-A94E7397F52B}.Release|x86.ActiveCfg = Release|Any CPU
		{A10A07CC-B951-4AEE-85E6-A94E7397F52B}.Release|x86.Build.0 = Release|Any CPU
		{8CCD6F51-F447-4086-B176-1702DB844DE9}.Debug|Any CPU.ActiveCfg = Debug|Any CPU
		{8CCD6F51-F447-4086-B176-1702DB844DE9}.Debug|Any CPU.Build.0 = Debug|Any CPU
		{8CCD6F51-F447-4086-B176-1702DB844DE9}.Debug|x64.ActiveCfg = Debug|Any CPU
		{8CCD6F51-F447-4086-B176-1702DB844DE9}.Debug|x64.Build.0 = Debug|Any CPU
		{8CCD6F51-F447-4086-B176-1702DB844DE9}.Debug|x86.ActiveCfg = Debug|Any CPU
		{8CCD6F51-F447-4086-B176-1702DB844DE9}.Debug|x86.Build.0 = Debug|Any CPU
		{8CCD6F51-F447-4086-B176-1702DB844DE9}.Release|Any CPU.ActiveCfg = Release|Any CPU
		{8CCD6F51-F447-4086-B176-1702DB844DE9}.Release|Any CPU.Build.0 = Release|Any CPU
		{8CCD6F51-F447-4086-B176-1702DB844DE9}.Release|x64.ActiveCfg = Release|Any CPU
		{8CCD6F51-F447-4086-B176-1702DB844DE9}.Release|x64.Build.0 = Release|Any CPU
		{8CCD6F51-F447-4086-B176-1702DB844DE9}.Release|x86.ActiveCfg = Release|Any CPU
		{8CCD6F51-F447-4086-B176-1702DB844DE9}.Release|x86.Build.0 = Release|Any CPU
		{B1C2D3E4-F5A6-4B7C-8D9E-0A1B2C3D4E5F}.Debug|Any CPU.ActiveCfg = Debug|Any CPU
		{B1C2D3E4-F5A6-4B7C-8D9E-0A1B2C3D4E5F}.Debug|Any CPU.Build.0 = Debug|Any CPU
		{B1C2D3E4-F5A6-4B7C-8D9E-0A1B2C3D4E5F}.Debug|x64.ActiveCfg = Debug|Any CPU
		{B1C2D3E4-F5A6-4B7C-8D9E-0A1B2C3D4E5F}.Debug|x64.Build.0 = Debug|Any CPU
		{B1C2D3E4-F5A6-4B7C-8D9E-0A1B2C3D4E5F}.Debug|x86.ActiveCfg = Debug|Any CPU
		{B1C2D3E4-F5A6-4B7C-8D9E-0A1B2C3D4E5F}.Debug|x86.Build.0 = Debug|Any CPU
		{B1C2D3E4-F5A6-4B7C-8D9E-0A1B2C3D4E5F}.Release|Any CPU.ActiveCfg = Release|Any CPU
		{B1C2D3E4-F5A6-4B7C-8D9E-0A1B2C3D4E5F}.Release|Any CPU.Build.0 = Release|Any CPU
		{B1C2D3E4-F5A6-4B7C-8D9E-0A1B2C3D4E5F}.Release|x64.ActiveCfg = Release|Any CPU
		{B1C2D3E4-F5A6-4B7C-8D9E-0A1B2C3D4E5F}.Release|x64.Build.0 = Release|Any CPU
		{B1C2D3E4-F5A6-4B7C-8D9E-0A1B2C3D4E5F}.Release|x86.ActiveCfg = Release|Any CPU
		{B1C2D3E4-F5A6-4B7C-8D9E-0A1B2C3D4E5F}.Release|x86.Build.0 = Release|Any CPU
		{C2D3E4F5-A6B7-4C8D-9E0A-1B2C3D4E5F6A}.Debug|Any CPU.ActiveCfg = Debug|Any CPU
		{C2D3E4F5-A6B7-4C8D-9E0A-1B2C3D4E5F6A}.Debug|Any CPU.Build.0 = Debug|Any CPU
		{C2D3E4F5-A6B7-4C8D-9E0A-1B2C3D4E5F6A}.Debug|x64.ActiveCfg = Debug|Any CPU
		{C2D3E4F5-A6B7-4C8D-9E0A-1B2C3D4E5F6A}.Debug|x64.Build.0 = Debug|Any CPU
		{C2D3E4F5-A6B7-4C8D-9E0A-1B2C3D4E5F6A}.Debug|x86.ActiveCfg = Debug|Any CPU
		{C2D3E4F5-A6B7-4C8D-9E0A-1B2C3D4E5F6A}.Debug|x86.Build.0 = Debug|Any CPU
		{C2D3E4F5-A6B7-4C8D-9E0A-1B2C3D4E5F6A}.Release|Any CPU.ActiveCfg = Release|Any CPU
		{C2D3E4F5-A6B7-4C8D-9E0A-1B2C3D4E5F6A}.Release|Any CPU.Build.0 = Release|Any CPU
		{C2D3E4F5-A6B7-4C8D-9E0A-1B2C3D4E5F6A}.Release|x64.ActiveCfg = Release|Any CPU
		{C2D3E4F5-A6B7-4C8D-9E0A-1B2C3D4E5F6A}.Release|x64.Build.0 = Release|Any CPU
		{C2D3E4F5-A6B7-4C8D-9E0A-1B2C3D4E5F6A}.Release|x86.ActiveCfg = Release|Any CPU
		{C2D3E4F5-A6B7-4C8D-9E0A-1B2C3D4E5F6A}.Release|x86.Build.0 = Release|Any CPU
		{D3E4F5A6-B7C8-4D9E-0A1B-2C3D4E5F6A7B}.Debug|Any CPU.ActiveCfg = Debug|Any CPU
		{D3E4F5A6-B7C8-4D9E-0A1B-2C3D4E5F6A7B}.Debug|Any CPU.Build.0 = Debug|Any CPU
		{D3E4F5A6-B7C8-4D9E-0A1B-2C3D4E5F6A7B}.Debug|x64.ActiveCfg = Debug|Any CPU
		{D3E4F5A6-B7C8-4D9E-0A1B-2C3D4E5F6A7B}.Debug|x64.Build.0 = Debug|Any CPU
		{D3E4F5A6-B7C8-4D9E-0A1B-2C3D4E5F6A7B}.Debug|x86.ActiveCfg = Debug|Any CPU
		{D3E4F5A6-B7C8-4D9E-0A1B-2C3D4E5F6A7B}.Debug|x86.Build.0 = Debug|Any CPU
		{D3E4F5A6-B7C8-4D9E-0A1B-2C3D4E5F6A7B}.Release|Any CPU.ActiveCfg = Release|Any CPU
		{D3E4F5A6-B7C8-4D9E-0A1B-2C3D4E5F6A7B}.Release|Any CPU.Build.0 = Release|Any CPU
		{D3E4F5A6-B7C8-4D9E-0A1B-2C3D4E5F6A7B}.Release|x64.ActiveCfg = Release|Any CPU
		{D3E4F5A6-B7C8-4D9E-0A1B-2C3D4E5F6A7B}.Release|x64.Build.0 = Release|Any CPU
		{D3E4F5A6-B7C8-4D9E-0A1B-2C3D4E5F6A7B}.Release|x86.ActiveCfg = Release|Any CPU
		{D3E4F5A6-B7C8-4D9E-0A1B-2C3D4E5F6A7B}.Release|x86.Build.0 = Release|Any CPU
		{E4F5A6B7-C8D9-4E0A-1B2C-3D4E5F6A7B8C}.Debug|Any CPU.ActiveCfg = Debug|Any CPU
		{E4F5A6B7-C8D9-4E0A-1B2C-3D4E5F6A7B8C}.Debug|Any CPU.Build.0 = Debug|Any CPU
		{E4F5A6B7-C8D9-4E0A-1B2C-3D4E5F6A7B8C}.Debug|x64.ActiveCfg = Debug|Any CPU
		{E4F5A6B7-C8D9-4E0A-1B2C-3D4E5F6A7B8C}.Debug|x64.Build.0 = Debug|Any CPU
		{E4F5A6B7-C8D9-4E0A-1B2C-3D4E5F6A7B8C}.Debug|x86.ActiveCfg = Debug|Any CPU
		{E4F5A6B7-C8D9-4E0A-1B2C-3D4E5F6A7B8C}.Debug|x86.Build.0 = Debug|Any CPU
		{E4F5A6B7-C8D9-4E0A-1B2C-3D4E5F6A7B8C}.Release|Any CPU.ActiveCfg = Release|Any CPU
		{E4F5A6B7-C8D9-4E0A-1B2C-3D4E5F6A7B8C}.Release|Any CPU.Build.0 = Release|Any CPU
		{E4F5A6B7-C8D9-4E0A-1B2C-3D4E5F6A7B8C}.Release|x64.ActiveCfg = Release|Any CPU
		{E4F5A6B7-C8D9-4E0A-1B2C-3D4E5F6A7B8C}.Release|x64.Build.0 = Release|Any CPU
		{E4F5A6B7-C8D9-4E0A-1B2C-3D4E5F6A7B8C}.Release|x86.ActiveCfg = Release|Any CPU
		{E4F5A6B7-C8D9-4E0A-1B2C-3D4E5F6A7B8C}.Release|x86.Build.0 = Release|Any CPU
		{F5A6B7C8-D9E0-4A1B-2C3D-4E5F6A7B8C9D}.Debug|Any CPU.ActiveCfg = Debug|Any CPU
		{F5A6B7C8-D9E0-4A1B-2C3D-4E5F6A7B8C9D}.Debug|Any CPU.Build.0 = Debug|Any CPU
		{F5A6B7C8-D9E0-4A1B-2C3D-4E5F6A7B8C9D}.Debug|x64.ActiveCfg = Debug|Any CPU
		{F5A6B7C8-D9E0-4A1B-2C3D-4E5F6A7B8C9D}.Debug|x64.Build.0 = Debug|Any CPU
		{F5A6B7C8-D9E0-4A1B-2C3D-4E5F6A7B8C9D}.Debug|x86.ActiveCfg = Debug|Any CPU
		{F5A6B7C8-D9E0-4A1B-2C3D-4E5F6A7B8C9D}.Debug|x86.Build.0 = Debug|Any CPU
		{F5A6B7C8-D9E0-4A1B-2C3D-4E5F6A7B8C9D}.Release|Any CPU.ActiveCfg = Release|Any CPU
		{F5A6B7C8-D9E0-4A1B-2C3D-4E5F6A7B8C9D}.Release|Any CPU.Build.0 = Release|Any CPU
		{F5A6B7C8-D9E0-4A1B-2C3D-4E5F6A7B8C9D}.Release|x64.ActiveCfg = Release|Any CPU
		{F5A6B7C8-D9E0-4A1B-2C3D-4E5F6A7B8C9D}.Release|x64.Build.0 = Release|Any CPU
		{F5A6B7C8-D9E0-4A1B-2C3D-4E5F6A7B8C9D}.Release|x86.ActiveCfg = Release|Any CPU
		{F5A6B7C8-D9E0-4A1B-2C3D-4E5F6A7B8C9D}.Release|x86.Build.0 = Release|Any CPU
		{3A7E4D08-7706-4EB6-A6BD-5477A7C1CD65}.Debug|Any CPU.ActiveCfg = Debug|Any CPU
		{3A7E4D08-7706-4EB6-A6BD-5477A7C1CD65}.Debug|Any CPU.Build.0 = Debug|Any CPU
		{3A7E4D08-7706-4EB6-A6BD-5477A7C1CD65}.Debug|x64.ActiveCfg = Debug|Any CPU
		{3A7E4D08-7706-4EB6-A6BD-5477A7C1CD65}.Debug|x64.Build.0 = Debug|Any CPU
		{3A7E4D08-7706-4EB6-A6BD-5477A7C1CD65}.Debug|x86.ActiveCfg = Debug|Any CPU
		{3A7E4D08-7706-4EB6-A6BD-5477A7C1CD65}.Debug|x86.Build.0 = Debug|Any CPU
		{3A7E4D08-7706-4EB6-A6BD-5477A7C1CD65}.Release|Any CPU.ActiveCfg = Release|Any CPU
		{3A7E4D08-7706-4EB6-A6BD-5477A7C1CD65}.Release|Any CPU.Build.0 = Release|Any CPU
		{3A7E4D08-7706-4EB6-A6BD-5477A7C1CD65}.Release|x64.ActiveCfg = Release|Any CPU
		{3A7E4D08-7706-4EB6-A6BD-5477A7C1CD65}.Release|x64.Build.0 = Release|Any CPU
		{3A7E4D08-7706-4EB6-A6BD-5477A7C1CD65}.Release|x86.ActiveCfg = Release|Any CPU
		{3A7E4D08-7706-4EB6-A6BD-5477A7C1CD65}.Release|x86.Build.0 = Release|Any CPU
	EndGlobalSection
	GlobalSection(SolutionProperties) = preSolution
		HideSolutionNode = FALSE
	EndGlobalSection
	GlobalSection(ExtensibilityGlobals) = postSolution
		SolutionGuid = {5901B0EB-7129-468F-8700-84AC5E443D23}
	EndGlobalSection
EndGlobal
